
Microsoft Visual Studio Solution File, Format Version 12.00
# Visual Studio Version 17
VisualStudioVersion = 17.0.32112.339
MinimumVisualStudioVersion = 10.0.40219.1
Project("{2150E333-8FDC-42A3-9474-1A3956D46DE8}") = "Application", "Application", "{8F70F45C-1AD3-4F4C-B2F2-3BFE3496B33F}"
EndProject
Project("{9A19103F-16F7-4668-BE54-9A1E7A4F7556}") = "Pangea.Generic", "Pangea.Generic\Pangea.Generic.csproj", "{31935C45-CBA0-40CA-9BFC-9466C5FC3872}"
EndProject
Project("{9A19103F-16F7-4668-BE54-9A1E7A4F7556}") = "Pangea.Adapters.Esri", "Pangea.Adapters.Esri\Pangea.Adapters.Esri.csproj", "{CE7E610E-DCA2-432C-9E8F-7D853563DAD5}"
EndProject
Project("{9A19103F-16F7-4668-BE54-9A1E7A4F7556}") = "Pangea.App.WinForms", "Pangea.App.WinForms\Pangea.App.WinForms.csproj", "{EDC069EF-8F97-4A9C-8E93-F45D6F3E3048}"
EndProject
Project("{9A19103F-16F7-4668-BE54-9A1E7A4F7556}") = "Pangea.Core", "Pangea.Core\Pangea.Core.csproj", "{D31A2084-7AA1-4E92-935C-8700B3D1866B}"
EndProject
Project("{9A19103F-16F7-4668-BE54-9A1E7A4F7556}") = "Pangea.App.ViewModels", "Pangea.App.ViewModels\Pangea.App.ViewModels.csproj", "{02BF80F4-1F30-4833-B699-DB551F97D8AF}"
EndProject
Project("{2150E333-8FDC-42A3-9474-1A3956D46DE8}") = "Server", "Server", "{C267BC73-C04C-4138-BC4D-EE2678F7A5B6}"
EndProject
Project("{2150E333-8FDC-42A3-9474-1A3956D46DE8}") = "Core", "Core", "{153B8290-454F-4BEC-A3AD-7E5CF956B990}"
EndProject
Project("{2150E333-8FDC-42A3-9474-1A3956D46DE8}") = "Tests", "Tests", "{C03B4426-1587-416E-ADA5-E4135D7FE924}"
EndProject
Project("{9A19103F-16F7-4668-BE54-9A1E7A4F7556}") = "Pangea.Core.UI", "Pangea.Core.UI\Pangea.Core.UI.csproj", "{CCA61C4C-996E-41A7-A4CE-6D79A4675369}"
EndProject
Project("{9A19103F-16F7-4668-BE54-9A1E7A4F7556}") = "Pangea.Core.UI.WPF", "Pangea.Core.UI.WPF\Pangea.Core.UI.WPF.csproj", "{6884824B-A77A-407D-869E-A5EAC1926933}"
EndProject
Project("{9A19103F-16F7-4668-BE54-9A1E7A4F7556}") = "Pangea.App.Console", "Pangea.App.Console\Pangea.App.Console.csproj", "{681298EB-02D2-4928-BDBA-660260147CC0}"
EndProject
Project("{9A19103F-16F7-4668-BE54-9A1E7A4F7556}") = "Pangea.Server", "Server\Pangea.Server\Pangea.Server.csproj", "{8F20336F-95CA-4D26-8B2C-FE06E02E839C}"
EndProject
Project("{9A19103F-16F7-4668-BE54-9A1E7A4F7556}") = "Pangea.WebAPI", "Pangea.WebAPI\Pangea.WebAPI.csproj", "{B0CD7C75-06DD-4E52-BF6B-EDF2CF9BF188}"
EndProject
Project("{9A19103F-16F7-4668-BE54-9A1E7A4F7556}") = "Pangea.Server.Service1", "Pangea.Server.Service1\Pangea.Server.Service1.csproj", "{1BA1C886-DCE0-4993-AEC8-DE9A7BF71321}"
EndProject
Project("{9A19103F-16F7-4668-BE54-9A1E7A4F7556}") = "Pangea.Server.Service2", "Pangea.Server.Service2\Pangea.Server.Service2.csproj", "{6BD369EA-0624-4006-9944-1EB02C3445FA}"
EndProject
Project("{9A19103F-16F7-4668-BE54-9A1E7A4F7556}") = "Pangea.Server.Common", "Pangea.Server.Common\Pangea.Server.Common.csproj", "{EE053267-14CE-4EBE-915E-D9D1F616EEEA}"
EndProject
Project("{9A19103F-16F7-4668-BE54-9A1E7A4F7556}") = "Pangea.App.WPF", "Pangea.App.WPF\Pangea.App.WPF.csproj", "{2FC5947E-4FD0-418C-93F8-128F2E99B71C}"
EndProject
Global
	GlobalSection(SolutionConfigurationPlatforms) = preSolution
		Debug|Any CPU = Debug|Any CPU
		Release|Any CPU = Release|Any CPU
	EndGlobalSection
	GlobalSection(ProjectConfigurationPlatforms) = postSolution
		{31935C45-CBA0-40CA-9BFC-9466C5FC3872}.Debug|Any CPU.ActiveCfg = Debug|Any CPU
		{31935C45-CBA0-40CA-9BFC-9466C5FC3872}.Debug|Any CPU.Build.0 = Debug|Any CPU
		{31935C45-CBA0-40CA-9BFC-9466C5FC3872}.Release|Any CPU.ActiveCfg = Release|Any CPU
		{31935C45-CBA0-40CA-9BFC-9466C5FC3872}.Release|Any CPU.Build.0 = Release|Any CPU
		{CE7E610E-DCA2-432C-9E8F-7D853563DAD5}.Debug|Any CPU.ActiveCfg = Debug|Any CPU
		{CE7E610E-DCA2-432C-9E8F-7D853563DAD5}.Debug|Any CPU.Build.0 = Debug|Any CPU
		{CE7E610E-DCA2-432C-9E8F-7D853563DAD5}.Release|Any CPU.ActiveCfg = Release|Any CPU
		{CE7E610E-DCA2-432C-9E8F-7D853563DAD5}.Release|Any CPU.Build.0 = Release|Any CPU
		{EDC069EF-8F97-4A9C-8E93-F45D6F3E3048}.Debug|Any CPU.ActiveCfg = Debug|Any CPU
		{EDC069EF-8F97-4A9C-8E93-F45D6F3E3048}.Debug|Any CPU.Build.0 = Debug|Any CPU
		{EDC069EF-8F97-4A9C-8E93-F45D6F3E3048}.Release|Any CPU.ActiveCfg = Release|Any CPU
		{EDC069EF-8F97-4A9C-8E93-F45D6F3E3048}.Release|Any CPU.Build.0 = Release|Any CPU
		{D31A2084-7AA1-4E92-935C-8700B3D1866B}.Debug|Any CPU.ActiveCfg = Debug|Any CPU
		{D31A2084-7AA1-4E92-935C-8700B3D1866B}.Debug|Any CPU.Build.0 = Debug|Any CPU
		{D31A2084-7AA1-4E92-935C-8700B3D1866B}.Release|Any CPU.ActiveCfg = Release|Any CPU
		{D31A2084-7AA1-4E92-935C-8700B3D1866B}.Release|Any CPU.Build.0 = Release|Any CPU
		{02BF80F4-1F30-4833-B699-DB551F97D8AF}.Debug|Any CPU.ActiveCfg = Debug|Any CPU
		{02BF80F4-1F30-4833-B699-DB551F97D8AF}.Debug|Any CPU.Build.0 = Debug|Any CPU
		{02BF80F4-1F30-4833-B699-DB551F97D8AF}.Release|Any CPU.ActiveCfg = Release|Any CPU
		{02BF80F4-1F30-4833-B699-DB551F97D8AF}.Release|Any CPU.Build.0 = Release|Any CPU
		{CCA61C4C-996E-41A7-A4CE-6D79A4675369}.Debug|Any CPU.ActiveCfg = Debug|Any CPU
		{CCA61C4C-996E-41A7-A4CE-6D79A4675369}.Debug|Any CPU.Build.0 = Debug|Any CPU
		{CCA61C4C-996E-41A7-A4CE-6D79A4675369}.Release|Any CPU.ActiveCfg = Release|Any CPU
		{CCA61C4C-996E-41A7-A4CE-6D79A4675369}.Release|Any CPU.Build.0 = Release|Any CPU
		{6884824B-A77A-407D-869E-A5EAC1926933}.Debug|Any CPU.ActiveCfg = Debug|Any CPU
		{6884824B-A77A-407D-869E-A5EAC1926933}.Debug|Any CPU.Build.0 = Debug|Any CPU
		{6884824B-A77A-407D-869E-A5EAC1926933}.Release|Any CPU.ActiveCfg = Release|Any CPU
		{6884824B-A77A-407D-869E-A5EAC1926933}.Release|Any CPU.Build.0 = Release|Any CPU
		{681298EB-02D2-4928-BDBA-660260147CC0}.Debug|Any CPU.ActiveCfg = Debug|Any CPU
		{681298EB-02D2-4928-BDBA-660260147CC0}.Debug|Any CPU.Build.0 = Debug|Any CPU
		{681298EB-02D2-4928-BDBA-660260147CC0}.Release|Any CPU.ActiveCfg = Release|Any CPU
		{681298EB-02D2-4928-BDBA-660260147CC0}.Release|Any CPU.Build.0 = Release|Any CPU
		{8F20336F-95CA-4D26-8B2C-FE06E02E839C}.Debug|Any CPU.ActiveCfg = Debug|Any CPU
		{8F20336F-95CA-4D26-8B2C-FE06E02E839C}.Debug|Any CPU.Build.0 = Debug|Any CPU
		{8F20336F-95CA-4D26-8B2C-FE06E02E839C}.Release|Any CPU.ActiveCfg = Release|Any CPU
		{8F20336F-95CA-4D26-8B2C-FE06E02E839C}.Release|Any CPU.Build.0 = Release|Any CPU
		{B0CD7C75-06DD-4E52-BF6B-EDF2CF9BF188}.Debug|Any CPU.ActiveCfg = Debug|Any CPU
		{B0CD7C75-06DD-4E52-BF6B-EDF2CF9BF188}.Debug|Any CPU.Build.0 = Debug|Any CPU
		{B0CD7C75-06DD-4E52-BF6B-EDF2CF9BF188}.Release|Any CPU.ActiveCfg = Release|Any CPU
		{B0CD7C75-06DD-4E52-BF6B-EDF2CF9BF188}.Release|Any CPU.Build.0 = Release|Any CPU
		{1BA1C886-DCE0-4993-AEC8-DE9A7BF71321}.Debug|Any CPU.ActiveCfg = Debug|Any CPU
		{1BA1C886-DCE0-4993-AEC8-DE9A7BF71321}.Debug|Any CPU.Build.0 = Debug|Any CPU
		{1BA1C886-DCE0-4993-AEC8-DE9A7BF71321}.Release|Any CPU.ActiveCfg = Release|Any CPU
		{1BA1C886-DCE0-4993-AEC8-DE9A7BF71321}.Release|Any CPU.Build.0 = Release|Any CPU
		{6BD369EA-0624-4006-9944-1EB02C3445FA}.Debug|Any CPU.ActiveCfg = Debug|Any CPU
		{6BD369EA-0624-4006-9944-1EB02C3445FA}.Debug|Any CPU.Build.0 = Debug|Any CPU
		{6BD369EA-0624-4006-9944-1EB02C3445FA}.Release|Any CPU.ActiveCfg = Release|Any CPU
		{6BD369EA-0624-4006-9944-1EB02C3445FA}.Release|Any CPU.Build.0 = Release|Any CPU
		{EE053267-14CE-4EBE-915E-D9D1F616EEEA}.Debug|Any CPU.ActiveCfg = Debug|Any CPU
		{EE053267-14CE-4EBE-915E-D9D1F616EEEA}.Debug|Any CPU.Build.0 = Debug|Any CPU
		{EE053267-14CE-4EBE-915E-D9D1F616EEEA}.Release|Any CPU.ActiveCfg = Release|Any CPU
		{EE053267-14CE-4EBE-915E-D9D1F616EEEA}.Release|Any CPU.Build.0 = Release|Any CPU
		{2FC5947E-4FD0-418C-93F8-128F2E99B71C}.Debug|Any CPU.ActiveCfg = Debug|Any CPU
		{2FC5947E-4FD0-418C-93F8-128F2E99B71C}.Debug|Any CPU.Build.0 = Debug|Any CPU
		{2FC5947E-4FD0-418C-93F8-128F2E99B71C}.Release|Any CPU.ActiveCfg = Release|Any CPU
		{2FC5947E-4FD0-418C-93F8-128F2E99B71C}.Release|Any CPU.Build.0 = Release|Any CPU
	EndGlobalSection
	GlobalSection(SolutionProperties) = preSolution
		HideSolutionNode = FALSE
	EndGlobalSection
	GlobalSection(NestedProjects) = preSolution
		{31935C45-CBA0-40CA-9BFC-9466C5FC3872} = {8F70F45C-1AD3-4F4C-B2F2-3BFE3496B33F}
		{EDC069EF-8F97-4A9C-8E93-F45D6F3E3048} = {8F70F45C-1AD3-4F4C-B2F2-3BFE3496B33F}
		{D31A2084-7AA1-4E92-935C-8700B3D1866B} = {153B8290-454F-4BEC-A3AD-7E5CF956B990}
		{02BF80F4-1F30-4833-B699-DB551F97D8AF} = {8F70F45C-1AD3-4F4C-B2F2-3BFE3496B33F}
		{CCA61C4C-996E-41A7-A4CE-6D79A4675369} = {153B8290-454F-4BEC-A3AD-7E5CF956B990}
		{6884824B-A77A-407D-869E-A5EAC1926933} = {153B8290-454F-4BEC-A3AD-7E5CF956B990}
		{681298EB-02D2-4928-BDBA-660260147CC0} = {8F70F45C-1AD3-4F4C-B2F2-3BFE3496B33F}
		{8F20336F-95CA-4D26-8B2C-FE06E02E839C} = {C267BC73-C04C-4138-BC4D-EE2678F7A5B6}
		{1BA1C886-DCE0-4993-AEC8-DE9A7BF71321} = {C267BC73-C04C-4138-BC4D-EE2678F7A5B6}
		{6BD369EA-0624-4006-9944-1EB02C3445FA} = {C267BC73-C04C-4138-BC4D-EE2678F7A5B6}
		{EE053267-14CE-4EBE-915E-D9D1F616EEEA} = {C267BC73-C04C-4138-BC4D-EE2678F7A5B6}
		{2FC5947E-4FD0-418C-93F8-128F2E99B71C} = {8F70F45C-1AD3-4F4C-B2F2-3BFE3496B33F}
	EndGlobalSection
	GlobalSection(ExtensibilityGlobals) = postSolution
		SolutionGuid = {CF25428E-F923-46EA-AA81-F9D670106029}
	EndGlobalSection
EndGlobal
